{
  "originHash" : "669e39cee4b9a959079c644a4b709931519220e990aef01ed70964c38e5631c3",
  "pins" : [
    {
      "identity" : "adaptysdk-ios",
      "kind" : "remoteSourceControl",
      "location" : "https://github.com/adaptyteam/AdaptySDK-iOS.git",
      "state" : {
        "revision" : "51492837e01b6b2db58521477a8ce91f1cbd4c74",
        "version" : "4.0.2"
      }
    }
  ],
  "version" : 3
}
