{
  "originHash" : "669e39cee4b9a959079c644a4b709931519220e990aef01ed70964c38e5631c3",
  "pins" : [
    {
      "identity" : "adaptysdk-ios",
      "kind" : "remoteSourceControl",
      "location" : "https://github.com/adaptyteam/AdaptySDK-iOS.git",
      "state" : {
        "revision" : "8d0ed9e0e2c2865479f5c0bf0ad97b828b461de2",
        "version" : "4.1.3"
      }
    }
  ],
  "version" : 3
}
