{
  "originHash" : "669e39cee4b9a959079c644a4b709931519220e990aef01ed70964c38e5631c3",
  "pins" : [
    {
      "identity" : "adaptysdk-ios",
      "kind" : "remoteSourceControl",
      "location" : "https://github.com/adaptyteam/AdaptySDK-iOS.git",
      "state" : {
        "branch" : "release/4.1.1",
        "revision" : "8796be20a318a169ccbde08c99a6f68fe0829f2b"
      }
    }
  ],
  "version" : 3
}
